{
  "name": "compress-css-js-files",
  "version": "1.0.0",
  "lockfileVersion": 1,
  "requires": true,
  "dependencies": {
    "clean-css": {
      "version": "4.2.1",
      "resolved": "https://registry.npm.taobao.org/clean-css/download/clean-css-4.2.1.tgz",
      "integrity": "sha1-LUEe92uFabbQyEBo2r6FsKpeXBc=",
      "dev": true,
      "requires": {
        "source-map": "~0.6.0"
      }
    },
    "commander": {
      "version": "2.13.0",
      "resolved": "https://registry.npm.taobao.org/commander/download/commander-2.13.0.tgz?cache=0&other_urls=https%3A%2F%2Fregistry.npm.taobao.org%2Fcommander%2Fdownload%2Fcommander-2.13.0.tgz",
      "integrity": "sha1-aWS8pnaF33wfFDDFhPB9dZeIW5w="
    },
    "source-map": {
      "version": "0.6.1",
      "resolved": "https://registry.npm.taobao.org/source-map/download/source-map-0.6.1.tgz",
      "integrity": "sha1-dHIq8y6WFOnCh6jQu95IteLxomM="
    },
    "uglify-es": {
      "version": "3.3.9",
      "resolved": "https://registry.npm.taobao.org/uglify-es/download/uglify-es-3.3.9.tgz",
      "integrity": "sha1-DBxPBwC+2NvBJM2zBNJZLKID5nc=",
      "requires": {
        "commander": "~2.13.0",
        "source-map": "~0.6.1"
      }
    }
  }
}
